
Microsoft Visual Studio Solution File, Format Version 12.00
# Visual Studio Version 16
VisualStudioVersion = 16.0.33801.447
MinimumVisualStudioVersion = 10.0.40219.1
Project("{FAE04EC0-301F-11D3-BF4B-00C04F79EFBC}") = "WebBookOnline", "WebBookOnline\WebBookOnline.csproj", "{7F1C79F3-95D3-4D9C-B4BF-57CECA33B86E}"
EndProject
Global
	GlobalSection(SolutionConfigurationPlatforms) = preSolution
		Debug|Any CPU = Debug|Any CPU
		Release|Any CPU = Release|Any CPU
	EndGlobalSection
	GlobalSection(ProjectConfigurationPlatforms) = postSolution
		{7F1C79F3-95D3-4D9C-B4BF-57CECA33B86E}.Debug|Any CPU.ActiveCfg = Debug|Any CPU
		{7F1C79F3-95D3-4D9C-B4BF-57CECA33B86E}.Debug|Any CPU.Build.0 = Debug|Any CPU
		{7F1C79F3-95D3-4D9C-B4BF-57CECA33B86E}.Release|Any CPU.ActiveCfg = Release|Any CPU
		{7F1C79F3-95D3-4D9C-B4BF-57CECA33B86E}.Release|Any CPU.Build.0 = Release|Any CPU
	EndGlobalSection
	GlobalSection(SolutionProperties) = preSolution
		HideSolutionNode = FALSE
	EndGlobalSection
	GlobalSection(ExtensibilityGlobals) = postSolution
		SolutionGuid = {4075475E-B763-4B74-9712-CB064491BC82}
	EndGlobalSection
EndGlobal
